[[package]]
name = "agate"
version = "1.6.2"
description = "A data analysis library that is optimized for humans instead of machines."
category = "main"
optional = false
python-versions = "*"

[package.dependencies]
Babel = ">=2.0"
isodate = ">=0.5.4"
leather = ">=0.3.2"
parsedatetime = ">=2.1"
PyICU = ">=2.4.2"
python-slugify = ">=1.2.1"
pytimeparse = ">=1.1.5"
six = ">=1.9.0"

[[package]]
name = "agate-dbf"
version = "0.2.2"
description = "agate-dbf adds read support for dbf files to agate."
category = "main"
optional = false
python-versions = "*"

[package.dependencies]
agate = ">=1.5.0"
dbfread = ">=2.0.5"

[[package]]
name = "agate-excel"
version = "0.2.3"
description = "agate-excel adds read support for Excel files (xls and xlsx) to agate."
category = "main"
optional = false
python-versions = "*"

[package.dependencies]
agate = ">=1.5.0"
openpyxl = ">=2.3.0"
xlrd = ">=0.9.4"

[[package]]
name = "agate-sql"
version = "0.5.6"
description = "agate-sql adds SQL read/write support to agate."
category = "main"
optional = false
python-versions = "*"

[package.dependencies]
agate = ">=1.5.0"
sqlalchemy = ">=1.0.8"

[package.extras]
docs = ["Sphinx (>=1.2.2)", "sphinx_rtd_theme (>=0.1.6)"]
test = ["crate", "nose (>=1.1.2)", "geojson"]

[[package]]
name = "babel"
version = "2.9.0"
description = "Internationalization utilities"
category = "main"
optional = false
python-versions = ">=2.7, !=3.0.*, !=3.1.*, !=3.2.*, !=3.3.*"

[package.dependencies]
pytz = ">=2015.7"

[[package]]
name = "blinker"
version = "1.4"
description = "Fast, simple object-to-object and broadcast signaling"
category = "main"
optional = false
python-versions = "*"

[[package]]
name = "csvkit"
version = "1.0.5"
description = "A suite of command-line tools for working with CSV, the king of tabular file formats."
category = "main"
optional = false
python-versions = "*"

[package.dependencies]
agate = ">=1.6.1"
agate-dbf = ">=0.2.0"
agate-excel = ">=0.2.2"
agate-sql = ">=0.5.3"
six = ">=1.6.1"

[[package]]
name = "dbfread"
version = "2.0.7"
description = "Read DBF Files with Python"
category = "main"
optional = false
python-versions = "*"

[[package]]
name = "docutils"
version = "0.17.1"
description = "Docutils -- Python Documentation Utilities"
category = "main"
optional = false
python-versions = ">=2.7, !=3.0.*, !=3.1.*, !=3.2.*, !=3.3.*, !=3.4.*"

[[package]]
name = "et-xmlfile"
version = "1.0.1"
description = "An implementation of lxml.xmlfile for the standard library"
category = "main"
optional = false
python-versions = "*"

[[package]]
name = "feedgenerator"
version = "1.9.1"
description = "Standalone version of django.utils.feedgenerator"
category = "main"
optional = false
python-versions = "*"

[package.dependencies]
pytz = ">=0a"
six = "*"

[[package]]
name = "greenlet"
version = "1.0.0"
description = "Lightweight in-process concurrent programming"
category = "main"
optional = false
python-versions = ">=2.7,!=3.0.*,!=3.1.*,!=3.2.*,!=3.3.*,!=3.4.*"

[package.extras]
docs = ["sphinx"]

[[package]]
name = "isodate"
version = "0.6.0"
description = "An ISO 8601 date/time/duration parser and formatter"
category = "main"
optional = false
python-versions = "*"

[package.dependencies]
six = "*"

[[package]]
name = "jinja2"
version = "2.11.3"
description = "A very fast and expressive template engine."
category = "main"
optional = false
python-versions = ">=2.7, !=3.0.*, !=3.1.*, !=3.2.*, !=3.3.*, !=3.4.*"

[package.dependencies]
MarkupSafe = ">=0.23"

[package.extras]
i18n = ["Babel (>=0.8)"]

[[package]]
name = "leather"
version = "0.3.3"
description = "Python charting for 80% of humans."
category = "main"
optional = false
python-versions = "*"

[package.dependencies]
six = ">=1.6.1"

[[package]]
name = "markdown"
version = "3.3.4"
description = "Python implementation of Markdown."
category = "main"
optional = false
python-versions = ">=3.6"

[package.extras]
testing = ["coverage", "pyyaml"]

[[package]]
name = "markupsafe"
version = "1.1.1"
description = "Safely add untrusted strings to HTML/XML markup."
category = "main"
optional = false
python-versions = ">=2.7,!=3.0.*,!=3.1.*,!=3.2.*,!=3.3.*"

[[package]]
name = "openpyxl"
version = "3.0.7"
description = "A Python library to read/write Excel 2010 xlsx/xlsm files"
category = "main"
optional = false
python-versions = ">=3.6,"

[package.dependencies]
et-xmlfile = "*"

[[package]]
name = "parsedatetime"
version = "2.6"
description = "Parse human-readable date/time text."
category = "main"
optional = false
python-versions = "*"

[[package]]
name = "pelican"
version = "4.6.0"
description = "Static site generator supporting Markdown and reStructuredText"
category = "main"
optional = false
python-versions = ">=3.6,<4.0"

[package.dependencies]
blinker = ">=1.4"
docutils = ">=0.16"
feedgenerator = ">=1.9"
jinja2 = ">=2.7"
pygments = ">=2.6"
python-dateutil = ">=2.8"
pytz = ">=2020.1"
unidecode = ">=1.1"

[package.extras]
markdown = ["markdown (>=3.1)"]

[[package]]
name = "pelican-sitemap"
version = "1.0.2"
description = "Pelican plugin to generate sitemap in plain-text or XML format"
category = "main"
optional = false
python-versions = ">=3.6,<4.0"

[package.dependencies]
pelican = ">=4.5,<5.0"

[package.extras]
markdown = ["markdown (>=3.2.2,<4.0.0)"]

[[package]]
name = "pygments"
version = "2.8.1"
description = "Pygments is a syntax highlighting package written in Python."
category = "main"
optional = false
python-versions = ">=3.5"

[[package]]
name = "pyicu"
version = "2.7.2"
description = "Python extension wrapping the ICU C++ API"
category = "main"
optional = false
python-versions = "*"

[[package]]
name = "python-dateutil"
version = "2.8.1"
description = "Extensions to the standard Python datetime module"
category = "main"
optional = false
python-versions = "!=3.0.*,!=3.1.*,!=3.2.*,>=2.7"

[package.dependencies]
six = ">=1.5"

[[package]]
name = "python-slugify"
version = "4.0.1"
description = "A Python Slugify application that handles Unicode"
category = "main"
optional = false
python-versions = ">=2.7, !=3.0.*, !=3.1.*, !=3.2.*, !=3.3.*, !=3.4.*"

[package.dependencies]
text-unidecode = ">=1.3"

[package.extras]
unidecode = ["Unidecode (>=1.1.1)"]

[[package]]
name = "pytimeparse"
version = "1.1.8"
description = "Time expression parser"
category = "main"
optional = false
python-versions = "*"

[[package]]
name = "pytz"
version = "2021.1"
description = "World timezone definitions, modern and historical"
category = "main"
optional = false
python-versions = "*"

[[package]]
name = "six"
version = "1.15.0"
description = "Python 2 and 3 compatibility utilities"
category = "main"
optional = false
python-versions = ">=2.7, !=3.0.*, !=3.1.*, !=3.2.*"

[[package]]
name = "sqlalchemy"
version = "1.4.11"
description = "Database Abstraction Library"
category = "main"
optional = false
python-versions = "!=3.0.*,!=3.1.*,!=3.2.*,!=3.3.*,!=3.4.*,!=3.5.*,>=2.7"

[package.dependencies]
greenlet = {version = "!=0.4.17", markers = "python_version >= \"3\""}

[package.extras]
aiomysql = ["greenlet (!=0.4.17)", "aiomysql"]
aiosqlite = ["greenlet (!=0.4.17)", "aiosqlite"]
asyncio = ["greenlet (!=0.4.17)"]
mariadb_connector = ["mariadb (>=1.0.1)"]
mssql = ["pyodbc"]
mssql_pymssql = ["pymssql"]
mssql_pyodbc = ["pyodbc"]
mypy = ["sqlalchemy2-stubs", "mypy (>=0.800)"]
mysql = ["mysqlclient (>=1.4.0,<2)", "mysqlclient (>=1.4.0)"]
mysql_connector = ["mysqlconnector"]
oracle = ["cx_oracle (>=7,<8)", "cx_oracle (>=7)"]
postgresql = ["psycopg2 (>=2.7)"]
postgresql_asyncpg = ["greenlet (!=0.4.17)", "asyncpg"]
postgresql_pg8000 = ["pg8000 (>=1.16.6)"]
postgresql_psycopg2binary = ["psycopg2-binary"]
postgresql_psycopg2cffi = ["psycopg2cffi"]
pymysql = ["pymysql (<1)", "pymysql"]
sqlcipher = ["sqlcipher3-binary"]

[[package]]
name = "text-unidecode"
version = "1.3"
description = "The most basic Text::Unidecode port"
category = "main"
optional = false
python-versions = "*"

[[package]]
name = "unidecode"
version = "1.2.0"
description = "ASCII transliterations of Unicode text"
category = "main"
optional = false
python-versions = ">=2.7, !=3.0.*, !=3.1.*, !=3.2.*, !=3.3.*"

[[package]]
name = "xlrd"
version = "2.0.1"
description = "Library for developers to extract data from Microsoft Excel (tm) .xls spreadsheet files"
category = "main"
optional = false
python-versions = ">=2.7, !=3.0.*, !=3.1.*, !=3.2.*, !=3.3.*, !=3.4.*, !=3.5.*"

[package.extras]
build = ["wheel", "twine"]
docs = ["sphinx"]
test = ["pytest", "pytest-cov"]

[metadata]
lock-version = "1.1"
python-versions = "^3.9"
content-hash = "b5ab69dee8c539dc81ee42805fc4a876cb291c5d6078c222a7221ec1cddd163c"

[metadata.files]
agate = [
    {file = "agate-1.6.2.tar.gz", hash = "sha256:8dbd4a57a2cffecfa2d8109ef5993ec4be12a8a7c81fbc0c8c79d96d4c4399ed"},
]
agate-dbf = [
    {file = "agate-dbf-0.2.2.tar.gz", hash = "sha256:589682b78c5c03f2dc8511e6e3edb659fb7336cd118e248896bb0b44c2f1917b"},
]
agate-excel = [
    {file = "agate-excel-0.2.3.tar.gz", hash = "sha256:8f255ef2c87c436b7132049e1dd86c8e08bf82d8c773aea86f3069b461a17d52"},
]
agate-sql = [
    {file = "agate-sql-0.5.6.tar.gz", hash = "sha256:056dc9e587fbdfdf3f1c9950f4793a5ee87622c19deba31aa0a6d6681816dcde"},
]
babel = [
    {file = "Babel-2.9.0-py2.py3-none-any.whl", hash = "sha256:9d35c22fcc79893c3ecc85ac4a56cde1ecf3f19c540bba0922308a6c06ca6fa5"},
    {file = "Babel-2.9.0.tar.gz", hash = "sha256:da031ab54472314f210b0adcff1588ee5d1d1d0ba4dbd07b94dba82bde791e05"},
]
blinker = [
    {file = "blinker-1.4.tar.gz", hash = "sha256:471aee25f3992bd325afa3772f1063dbdbbca947a041b8b89466dc00d606f8b6"},
]
csvkit = [
    {file = "csvkit-1.0.5.tar.gz", hash = "sha256:7bd390f4d300e45dc9ed67a32af762a916bae7d9a85087a10fd4f64ce65fd5b9"},
]
dbfread = [
    {file = "dbfread-2.0.7-py2.py3-none-any.whl", hash = "sha256:f604def58c59694fa0160d7be5d0b8d594467278d2bb6a47d46daf7162c84cec"},
    {file = "dbfread-2.0.7.tar.gz", hash = "sha256:07c8a9af06ffad3f6f03e8fe91ad7d2733e31a26d2b72c4dd4cfbae07ee3b73d"},
]
docutils = [
    {file = "docutils-0.17.1-py2.py3-none-any.whl", hash = "sha256:cf316c8370a737a022b72b56874f6602acf974a37a9fba42ec2876387549fc61"},
    {file = "docutils-0.17.1.tar.gz", hash = "sha256:686577d2e4c32380bb50cbb22f575ed742d58168cee37e99117a854bcd88f125"},
]
et-xmlfile = [
    {file = "et_xmlfile-1.0.1.tar.gz", hash = "sha256:614d9722d572f6246302c4491846d2c393c199cfa4edc9af593437691683335b"},
]
feedgenerator = [
    {file = "feedgenerator-1.9.1-py3-none-any.whl", hash = "sha256:a81d240a2c74a2ae80c393cfe374aff1a19ed3fe41a488eacc66edbe46d3f422"},
    {file = "feedgenerator-1.9.1.tar.gz", hash = "sha256:a28a5add781509390d1a6a52d017829853ee4bef1d2e7b4d5da0e9d1b395ce54"},
]
greenlet = [
    {file = "greenlet-1.0.0-cp27-cp27m-macosx_10_14_x86_64.whl", hash = "sha256:1d1d4473ecb1c1d31ce8fd8d91e4da1b1f64d425c1dc965edc4ed2a63cfa67b2"},
    {file = "greenlet-1.0.0-cp27-cp27m-manylinux1_x86_64.whl", hash = "sha256:cfd06e0f0cc8db2a854137bd79154b61ecd940dce96fad0cba23fe31de0b793c"},
    {file = "greenlet-1.0.0-cp27-cp27m-manylinux2010_x86_64.whl", hash = "sha256:eb333b90036358a0e2c57373f72e7648d7207b76ef0bd00a4f7daad1f79f5203"},
    {file = "greenlet-1.0.0-cp27-cp27m-win32.whl", hash = "sha256:1a1ada42a1fd2607d232ae11a7b3195735edaa49ea787a6d9e6a53afaf6f3476"},
    {file = "greenlet-1.0.0-cp27-cp27m-win_amd64.whl", hash = "sha256:f6f65bf54215e4ebf6b01e4bb94c49180a589573df643735107056f7a910275b"},
    {file = "greenlet-1.0.0-cp27-cp27mu-manylinux1_x86_64.whl", hash = "sha256:f59eded163d9752fd49978e0bab7a1ff21b1b8d25c05f0995d140cc08ac83379"},
    {file = "greenlet-1.0.0-cp27-cp27mu-manylinux2010_x86_64.whl", hash = "sha256:875d4c60a6299f55df1c3bb870ebe6dcb7db28c165ab9ea6cdc5d5af36bb33ce"},
    {file = "greenlet-1.0.0-cp35-cp35m-macosx_10_14_x86_64.whl", hash = "sha256:1bb80c71de788b36cefb0c3bb6bfab306ba75073dbde2829c858dc3ad70f867c"},
    {file = "greenlet-1.0.0-cp35-cp35m-manylinux1_x86_64.whl", hash = "sha256:b5f1b333015d53d4b381745f5de842f19fe59728b65f0fbb662dafbe2018c3a5"},
    {file = "greenlet-1.0.0-cp35-cp35m-manylinux2010_x86_64.whl", hash = "sha256:5352c15c1d91d22902582e891f27728d8dac3bd5e0ee565b6a9f575355e6d92f"},
    {file = "greenlet-1.0.0-cp35-cp35m-manylinux2014_aarch64.whl", hash = "sha256:2c65320774a8cd5fdb6e117c13afa91c4707548282464a18cf80243cf976b3e6"},
    {file = "greenlet-1.0.0-cp35-cp35m-manylinux2014_ppc64le.whl", hash = "sha256:111cfd92d78f2af0bc7317452bd93a477128af6327332ebf3c2be7df99566683"},
    {file = "greenlet-1.0.0-cp35-cp35m-win32.whl", hash = "sha256:cdb90267650c1edb54459cdb51dab865f6c6594c3a47ebd441bc493360c7af70"},
    {file = "greenlet-1.0.0-cp35-cp35m-win_amd64.whl", hash = "sha256:eac8803c9ad1817ce3d8d15d1bb82c2da3feda6bee1153eec5c58fa6e5d3f770"},
    {file = "greenlet-1.0.0-cp36-cp36m-macosx_10_14_x86_64.whl", hash = "sha256:c93d1a71c3fe222308939b2e516c07f35a849c5047f0197442a4d6fbcb4128ee"},
    {file = "greenlet-1.0.0-cp36-cp36m-manylinux1_x86_64.whl", hash = "sha256:122c63ba795fdba4fc19c744df6277d9cfd913ed53d1a286f12189a0265316dd"},
    {file = "greenlet-1.0.0-cp36-cp36m-manylinux2010_x86_64.whl", hash = "sha256:c5b22b31c947ad8b6964d4ed66776bcae986f73669ba50620162ba7c832a6b6a"},
    {file = "greenlet-1.0.0-cp36-cp36m-manylinux2014_aarch64.whl", hash = "sha256:4365eccd68e72564c776418c53ce3c5af402bc526fe0653722bc89efd85bf12d"},
    {file = "greenlet-1.0.0-cp36-cp36m-manylinux2014_ppc64le.whl", hash = "sha256:da7d09ad0f24270b20f77d56934e196e982af0d0a2446120cb772be4e060e1a2"},
    {file = "greenlet-1.0.0-cp36-cp36m-win32.whl", hash = "sha256:647ba1df86d025f5a34043451d7c4a9f05f240bee06277a524daad11f997d1e7"},
    {file = "greenlet-1.0.0-cp36-cp36m-win_amd64.whl", hash = "sha256:e6e9fdaf6c90d02b95e6b0709aeb1aba5affbbb9ccaea5502f8638e4323206be"},
    {file = "greenlet-1.0.0-cp37-cp37m-macosx_10_14_x86_64.whl", hash = "sha256:62afad6e5fd70f34d773ffcbb7c22657e1d46d7fd7c95a43361de979f0a45aef"},
    {file = "greenlet-1.0.0-cp37-cp37m-manylinux1_x86_64.whl", hash = "sha256:d3789c1c394944084b5e57c192889985a9f23bd985f6d15728c745d380318128"},
    {file = "greenlet-1.0.0-cp37-cp37m-manylinux2010_x86_64.whl", hash = "sha256:f5e2d36c86c7b03c94b8459c3bd2c9fe2c7dab4b258b8885617d44a22e453fb7"},
    {file = "greenlet-1.0.0-cp37-cp37m-manylinux2014_aarch64.whl", hash = "sha256:292e801fcb3a0b3a12d8c603c7cf340659ea27fd73c98683e75800d9fd8f704c"},
    {file = "greenlet-1.0.0-cp37-cp37m-manylinux2014_ppc64le.whl", hash = "sha256:f3dc68272990849132d6698f7dc6df2ab62a88b0d36e54702a8fd16c0490e44f"},
    {file = "greenlet-1.0.0-cp37-cp37m-win32.whl", hash = "sha256:7cd5a237f241f2764324396e06298b5dee0df580cf06ef4ada0ff9bff851286c"},
    {file = "greenlet-1.0.0-cp37-cp37m-win_amd64.whl", hash = "sha256:0ddd77586553e3daf439aa88b6642c5f252f7ef79a39271c25b1d4bf1b7cbb85"},
    {file = "greenlet-1.0.0-cp38-cp38-macosx_10_14_x86_64.whl", hash = "sha256:90b6a25841488cf2cb1c8623a53e6879573010a669455046df5f029d93db51b7"},
    {file = "greenlet-1.0.0-cp38-cp38-manylinux1_x86_64.whl", hash = "sha256:ed1d1351f05e795a527abc04a0d82e9aecd3bdf9f46662c36ff47b0b00ecaf06"},
    {file = "greenlet-1.0.0-cp38-cp38-manylinux2010_x86_64.whl", hash = "sha256:94620ed996a7632723a424bccb84b07e7b861ab7bb06a5aeb041c111dd723d36"},
    {file = "greenlet-1.0.0-cp38-cp38-manylinux2014_aarch64.whl", hash = "sha256:f97d83049715fd9dec7911860ecf0e17b48d8725de01e45de07d8ac0bd5bc378"},
    {file = "greenlet-1.0.0-cp38-cp38-manylinux2014_ppc64le.whl", hash = "sha256:0a77691f0080c9da8dfc81e23f4e3cffa5accf0f5b56478951016d7cfead9196"},
    {file = "greenlet-1.0.0-cp38-cp38-win32.whl", hash = "sha256:e1128e022d8dce375362e063754e129750323b67454cac5600008aad9f54139e"},
    {file = "greenlet-1.0.0-cp38-cp38-win_amd64.whl", hash = "sha256:5d4030b04061fdf4cbc446008e238e44936d77a04b2b32f804688ad64197953c"},
    {file = "greenlet-1.0.0-cp39-cp39-macosx_10_14_x86_64.whl", hash = "sha256:f8450d5ef759dbe59f84f2c9f77491bb3d3c44bc1a573746daf086e70b14c243"},
    {file = "greenlet-1.0.0-cp39-cp39-manylinux1_x86_64.whl", hash = "sha256:df8053867c831b2643b2c489fe1d62049a98566b1646b194cc815f13e27b90df"},
    {file = "greenlet-1.0.0-cp39-cp39-manylinux2010_x86_64.whl", hash = "sha256:df3e83323268594fa9755480a442cabfe8d82b21aba815a71acf1bb6c1776218"},
    {file = "greenlet-1.0.0-cp39-cp39-manylinux2014_aarch64.whl", hash = "sha256:181300f826625b7fd1182205b830642926f52bd8cdb08b34574c9d5b2b1813f7"},
    {file = "greenlet-1.0.0-cp39-cp39-manylinux2014_ppc64le.whl", hash = "sha256:58ca0f078d1c135ecf1879d50711f925ee238fe773dfe44e206d7d126f5bc664"},
    {file = "greenlet-1.0.0-cp39-cp39-win32.whl", hash = "sha256:5f297cb343114b33a13755032ecf7109b07b9a0020e841d1c3cedff6602cc139"},
    {file = "greenlet-1.0.0-cp39-cp39-win_amd64.whl", hash = "sha256:5d69bbd9547d3bc49f8a545db7a0bd69f407badd2ff0f6e1a163680b5841d2b0"},
    {file = "greenlet-1.0.0.tar.gz", hash = "sha256:719e169c79255816cdcf6dccd9ed2d089a72a9f6c42273aae12d55e8d35bdcf8"},
]
isodate = [
    {file = "isodate-0.6.0-py2.py3-none-any.whl", hash = "sha256:aa4d33c06640f5352aca96e4b81afd8ab3b47337cc12089822d6f322ac772c81"},
    {file = "isodate-0.6.0.tar.gz", hash = "sha256:2e364a3d5759479cdb2d37cce6b9376ea504db2ff90252a2e5b7cc89cc9ff2d8"},
]
jinja2 = [
    {file = "Jinja2-2.11.3-py2.py3-none-any.whl", hash = "sha256:03e47ad063331dd6a3f04a43eddca8a966a26ba0c5b7207a9a9e4e08f1b29419"},
    {file = "Jinja2-2.11.3.tar.gz", hash = "sha256:a6d58433de0ae800347cab1fa3043cebbabe8baa9d29e668f1c768cb87a333c6"},
]
leather = [
    {file = "leather-0.3.3-py3-none-any.whl", hash = "sha256:e0bb36a6d5f59fbf3c1a6e75e7c8bee29e67f06f5b48c0134407dde612eba5e2"},
    {file = "leather-0.3.3.tar.gz", hash = "sha256:076d1603b5281488285718ce1a5ce78cf1027fe1e76adf9c548caf83c519b988"},
]
markdown = [
    {file = "Markdown-3.3.4-py3-none-any.whl", hash = "sha256:96c3ba1261de2f7547b46a00ea8463832c921d3f9d6aba3f255a6f71386db20c"},
    {file = "Markdown-3.3.4.tar.gz", hash = "sha256:31b5b491868dcc87d6c24b7e3d19a0d730d59d3e46f4eea6430a321bed387a49"},
]
markupsafe = [
    {file = "MarkupSafe-1.1.1-cp27-cp27m-macosx_10_6_intel.whl", hash = "sha256:09027a7803a62ca78792ad89403b1b7a73a01c8cb65909cd876f7fcebd79b161"},
    {file = "MarkupSafe-1.1.1-cp27-cp27m-manylinux1_i686.whl", hash = "sha256:e249096428b3ae81b08327a63a485ad0878de3fb939049038579ac0ef61e17e7"},
    {file = "MarkupSafe-1.1.1-cp27-cp27m-manylinux1_x86_64.whl", hash = "sha256:500d4957e52ddc3351cabf489e79c91c17f6e0899158447047588650b5e69183"},
    {file = "MarkupSafe-1.1.1-cp27-cp27m-win32.whl", hash = "sha256:b2051432115498d3562c084a49bba65d97cf251f5a331c64a12ee7e04dacc51b"},
    {file = "MarkupSafe-1.1.1-cp27-cp27m-win_amd64.whl", hash = "sha256:98c7086708b163d425c67c7a91bad6e466bb99d797aa64f965e9d25c12111a5e"},
    {file = "MarkupSafe-1.1.1-cp27-cp27mu-manylinux1_i686.whl", hash = "sha256:cd5df75523866410809ca100dc9681e301e3c27567cf498077e8551b6d20e42f"},
    {file = "MarkupSafe-1.1.1-cp27-cp27mu-manylinux1_x86_64.whl", hash = "sha256:43a55c2930bbc139570ac2452adf3d70cdbb3cfe5912c71cdce1c2c6bbd9c5d1"},
    {file = "MarkupSafe-1.1.1-cp34-cp34m-macosx_10_6_intel.whl", hash = "sha256:1027c282dad077d0bae18be6794e6b6b8c91d58ed8a8d89a89d59693b9131db5"},
    {file = "MarkupSafe-1.1.1-cp34-cp34m-manylinux1_i686.whl", hash = "sha256:62fe6c95e3ec8a7fad637b7f3d372c15ec1caa01ab47926cfdf7a75b40e0eac1"},
    {file = "MarkupSafe-1.1.1-cp34-cp34m-manylinux1_x86_64.whl", hash = "sha256:88e5fcfb52ee7b911e8bb6d6aa2fd21fbecc674eadd44118a9cc3863f938e735"},
    {file = "MarkupSafe-1.1.1-cp34-cp34m-win32.whl", hash = "sha256:ade5e387d2ad0d7ebf59146cc00c8044acbd863725f887353a10df825fc8ae21"},
    {file = "MarkupSafe-1.1.1-cp34-cp34m-win_amd64.whl", hash = "sha256:09c4b7f37d6c648cb13f9230d847adf22f8171b1ccc4d5682398e77f40309235"},
    {file = "MarkupSafe-1.1.1-cp35-cp35m-macosx_10_6_intel.whl", hash = "sha256:79855e1c5b8da654cf486b830bd42c06e8780cea587384cf6545b7d9ac013a0b"},
    {file = "MarkupSafe-1.1.1-cp35-cp35m-manylinux1_i686.whl", hash = "sha256:c8716a48d94b06bb3b2524c2b77e055fb313aeb4ea620c8dd03a105574ba704f"},
    {file = "MarkupSafe-1.1.1-cp35-cp35m-manylinux1_x86_64.whl", hash = "sha256:7c1699dfe0cf8ff607dbdcc1e9b9af1755371f92a68f706051cc8c37d447c905"},
    {file = "MarkupSafe-1.1.1-cp35-cp35m-win32.whl", hash = "sha256:6dd73240d2af64df90aa7c4e7481e23825ea70af4b4922f8ede5b9e35f78a3b1"},
    {file = "MarkupSafe-1.1.1-cp35-cp35m-win_amd64.whl", hash = "sha256:9add70b36c5666a2ed02b43b335fe19002ee5235efd4b8a89bfcf9005bebac0d"},
    {file = "MarkupSafe-1.1.1-cp36-cp36m-macosx_10_6_intel.whl", hash = "sha256:24982cc2533820871eba85ba648cd53d8623687ff11cbb805be4ff7b4c971aff"},
    {file = "MarkupSafe-1.1.1-cp36-cp36m-macosx_10_9_x86_64.whl", hash = "sha256:d53bc011414228441014aa71dbec320c66468c1030aae3a6e29778a3382d96e5"},
    {file = "MarkupSafe-1.1.1-cp36-cp36m-manylinux1_i686.whl", hash = "sha256:00bc623926325b26bb9605ae9eae8a215691f33cae5df11ca5424f06f2d1f473"},
    {file = "MarkupSafe-1.1.1-cp36-cp36m-manylinux1_x86_64.whl", hash = "sha256:717ba8fe3ae9cc0006d7c451f0bb265ee07739daf76355d06366154ee68d221e"},
    {file = "MarkupSafe-1.1.1-cp36-cp36m-manylinux2010_i686.whl", hash = "sha256:3b8a6499709d29c2e2399569d96719a1b21dcd94410a586a18526b143ec8470f"},
    {file = "MarkupSafe-1.1.1-cp36-cp36m-manylinux2010_x86_64.whl", hash = "sha256:84dee80c15f1b560d55bcfe6d47b27d070b4681c699c572af2e3c7cc90a3b8e0"},
    {file = "MarkupSafe-1.1.1-cp36-cp36m-manylinux2014_aarch64.whl", hash = "sha256:b1dba4527182c95a0db8b6060cc98ac49b9e2f5e64320e2b56e47cb2831978c7"},
    {file = "MarkupSafe-1.1.1-cp36-cp36m-win32.whl", hash = "sha256:535f6fc4d397c1563d08b88e485c3496cf5784e927af890fb3c3aac7f933ec66"},
    {file = "MarkupSafe-1.1.1-cp36-cp36m-win_amd64.whl", hash = "sha256:b1282f8c00509d99fef04d8ba936b156d419be841854fe901d8ae224c59f0be5"},
    {file = "MarkupSafe-1.1.1-cp37-cp37m-macosx_10_6_intel.whl", hash = "sha256:8defac2f2ccd6805ebf65f5eeb132adcf2ab57aa11fdf4c0dd5169a004710e7d"},
    {file = "MarkupSafe-1.1.1-cp37-cp37m-macosx_10_9_x86_64.whl", hash = "sha256:bf5aa3cbcfdf57fa2ee9cd1822c862ef23037f5c832ad09cfea57fa846dec193"},
    {file = "MarkupSafe-1.1.1-cp37-cp37m-manylinux1_i686.whl", hash = "sha256:46c99d2de99945ec5cb54f23c8cd5689f6d7177305ebff350a58ce5f8de1669e"},
    {file = "MarkupSafe-1.1.1-cp37-cp37m-manylinux1_x86_64.whl", hash = "sha256:ba59edeaa2fc6114428f1637ffff42da1e311e29382d81b339c1817d37ec93c6"},
    {file = "MarkupSafe-1.1.1-cp37-cp37m-manylinux2010_i686.whl", hash = "sha256:6fffc775d90dcc9aed1b89219549b329a9250d918fd0b8fa8d93d154918422e1"},
    {file = "MarkupSafe-1.1.1-cp37-cp37m-manylinux2010_x86_64.whl", hash = "sha256:a6a744282b7718a2a62d2ed9d993cad6f5f585605ad352c11de459f4108df0a1"},
    {file = "MarkupSafe-1.1.1-cp37-cp37m-manylinux2014_aarch64.whl", hash = "sha256:195d7d2c4fbb0ee8139a6cf67194f3973a6b3042d742ebe0a9ed36d8b6f0c07f"},
    {file = "MarkupSafe-1.1.1-cp37-cp37m-win32.whl", hash = "sha256:b00c1de48212e4cc9603895652c5c410df699856a2853135b3967591e4beebc2"},
    {file = "MarkupSafe-1.1.1-cp37-cp37m-win_amd64.whl", hash = "sha256:9bf40443012702a1d2070043cb6291650a0841ece432556f784f004937f0f32c"},
    {file = "MarkupSafe-1.1.1-cp38-cp38-macosx_10_9_x86_64.whl", hash = "sha256:6788b695d50a51edb699cb55e35487e430fa21f1ed838122d722e0ff0ac5ba15"},
    {file = "MarkupSafe-1.1.1-cp38-cp38-manylinux1_i686.whl", hash = "sha256:cdb132fc825c38e1aeec2c8aa9338310d29d337bebbd7baa06889d09a60a1fa2"},
    {file = "MarkupSafe-1.1.1-cp38-cp38-manylinux1_x86_64.whl", hash = "sha256:13d3144e1e340870b25e7b10b98d779608c02016d5184cfb9927a9f10c689f42"},
    {file = "MarkupSafe-1.1.1-cp38-cp38-manylinux2010_i686.whl", hash = "sha256:acf08ac40292838b3cbbb06cfe9b2cb9ec78fce8baca31ddb87aaac2e2dc3bc2"},
    {file = "MarkupSafe-1.1.1-cp38-cp38-manylinux2010_x86_64.whl", hash = "sha256:d9be0ba6c527163cbed5e0857c451fcd092ce83947944d6c14bc95441203f032"},
    {file = "MarkupSafe-1.1.1-cp38-cp38-manylinux2014_aarch64.whl", hash = "sha256:caabedc8323f1e93231b52fc32bdcde6db817623d33e100708d9a68e1f53b26b"},
    {file = "MarkupSafe-1.1.1-cp38-cp38-win32.whl", hash = "sha256:596510de112c685489095da617b5bcbbac7dd6384aeebeda4df6025d0256a81b"},
    {file = "MarkupSafe-1.1.1-cp38-cp38-win_amd64.whl", hash = "sha256:e8313f01ba26fbbe36c7be1966a7b7424942f670f38e666995b88d012765b9be"},
    {file = "MarkupSafe-1.1.1-cp39-cp39-macosx_10_9_x86_64.whl", hash = "sha256:d73a845f227b0bfe8a7455ee623525ee656a9e2e749e4742706d80a6065d5e2c"},
    {file = "MarkupSafe-1.1.1-cp39-cp39-manylinux1_i686.whl", hash = "sha256:98bae9582248d6cf62321dcb52aaf5d9adf0bad3b40582925ef7c7f0ed85fceb"},
    {file = "MarkupSafe-1.1.1-cp39-cp39-manylinux1_x86_64.whl", hash = "sha256:2beec1e0de6924ea551859edb9e7679da6e4870d32cb766240ce17e0a0ba2014"},
    {file = "MarkupSafe-1.1.1-cp39-cp39-manylinux2010_i686.whl", hash = "sha256:7fed13866cf14bba33e7176717346713881f56d9d2bcebab207f7a036f41b850"},
    {file = "MarkupSafe-1.1.1-cp39-cp39-manylinux2010_x86_64.whl", hash = "sha256:6f1e273a344928347c1290119b493a1f0303c52f5a5eae5f16d74f48c15d4a85"},
    {file = "MarkupSafe-1.1.1-cp39-cp39-manylinux2014_aarch64.whl", hash = "sha256:feb7b34d6325451ef96bc0e36e1a6c0c1c64bc1fbec4b854f4529e51887b1621"},
    {file = "MarkupSafe-1.1.1-cp39-cp39-win32.whl", hash = "sha256:22c178a091fc6630d0d045bdb5992d2dfe14e3259760e713c490da5323866c39"},
    {file = "MarkupSafe-1.1.1-cp39-cp39-win_amd64.whl", hash = "sha256:b7d644ddb4dbd407d31ffb699f1d140bc35478da613b441c582aeb7c43838dd8"},
    {file = "MarkupSafe-1.1.1.tar.gz", hash = "sha256:29872e92839765e546828bb7754a68c418d927cd064fd4708fab9fe9c8bb116b"},
]
openpyxl = [
    {file = "openpyxl-3.0.7-py2.py3-none-any.whl", hash = "sha256:46af4eaf201a89b610fcca177eed957635f88770a5462fb6aae4a2a52b0ff516"},
    {file = "openpyxl-3.0.7.tar.gz", hash = "sha256:6456a3b472e1ef0facb1129f3c6ef00713cebf62e736cd7a75bcc3247432f251"},
]
parsedatetime = [
    {file = "parsedatetime-2.6-py3-none-any.whl", hash = "sha256:cb96edd7016872f58479e35879294258c71437195760746faffedb692aef000b"},
    {file = "parsedatetime-2.6.tar.gz", hash = "sha256:4cb368fbb18a0b7231f4d76119165451c8d2e35951455dfee97c62a87b04d455"},
]
pelican = [
    {file = "pelican-4.6.0-py3-none-any.whl", hash = "sha256:7ffedec818fb1bc80fc3735782859858052479a99fc083546d9947c1adfe8156"},
    {file = "pelican-4.6.0.tar.gz", hash = "sha256:bff507e454b62b7157001031edca259a40c72225778f6ea8221c201915e41f24"},
]
pelican-sitemap = [
    {file = "pelican-sitemap-1.0.2.tar.gz", hash = "sha256:464052dbbf3daa7183c531c486e3db872f8f74b5fcc7aa25743b7c9aefbb359a"},
    {file = "pelican_sitemap-1.0.2-py3-none-any.whl", hash = "sha256:ec930ee8182d4b905a4e5732d0b87ad84ee62ee1830b42d1b1f82bcac8e12f2b"},
]
pygments = [
    {file = "Pygments-2.8.1-py3-none-any.whl", hash = "sha256:534ef71d539ae97d4c3a4cf7d6f110f214b0e687e92f9cb9d2a3b0d3101289c8"},
    {file = "Pygments-2.8.1.tar.gz", hash = "sha256:2656e1a6edcdabf4275f9a3640db59fd5de107d88e8663c5d4e9a0fa62f77f94"},
]
pyicu = [
    {file = "PyICU-2.7.2.tar.gz", hash = "sha256:1382869b22d91cc99274f9b525fa7d9199b44d9007ff0036a09747839a01e9dc"},
]
python-dateutil = [
    {file = "python-dateutil-2.8.1.tar.gz", hash = "sha256:73ebfe9dbf22e832286dafa60473e4cd239f8592f699aa5adaf10050e6e1823c"},
    {file = "python_dateutil-2.8.1-py2.py3-none-any.whl", hash = "sha256:75bb3f31ea686f1197762692a9ee6a7550b59fc6ca3a1f4b5d7e32fb98e2da2a"},
]
python-slugify = [
    {file = "python-slugify-4.0.1.tar.gz", hash = "sha256:69a517766e00c1268e5bbfc0d010a0a8508de0b18d30ad5a1ff357f8ae724270"},
]
pytimeparse = [
    {file = "pytimeparse-1.1.8-py2.py3-none-any.whl", hash = "sha256:04b7be6cc8bd9f5647a6325444926c3ac34ee6bc7e69da4367ba282f076036bd"},
    {file = "pytimeparse-1.1.8.tar.gz", hash = "sha256:e86136477be924d7e670646a98561957e8ca7308d44841e21f5ddea757556a0a"},
]
pytz = [
    {file = "pytz-2021.1-py2.py3-none-any.whl", hash = "sha256:eb10ce3e7736052ed3623d49975ce333bcd712c7bb19a58b9e2089d4057d0798"},
    {file = "pytz-2021.1.tar.gz", hash = "sha256:83a4a90894bf38e243cf052c8b58f381bfe9a7a483f6a9cab140bc7f702ac4da"},
]
six = [
    {file = "six-1.15.0-py2.py3-none-any.whl", hash = "sha256:8b74bedcbbbaca38ff6d7491d76f2b06b3592611af620f8426e82dddb04a5ced"},
    {file = "six-1.15.0.tar.gz", hash = "sha256:30639c035cdb23534cd4aa2dd52c3bf48f06e5f4a941509c8bafd8ce11080259"},
]
sqlalchemy = [
    {file = "SQLAlchemy-1.4.11-cp27-cp27m-macosx_10_14_x86_64.whl", hash = "sha256:b8b7d66ee8b8ac272adce0af1342a60854f0d89686e6d3318127a6a82a2f765c"},
    {file = "SQLAlchemy-1.4.11-cp27-cp27m-manylinux1_x86_64.whl", hash = "sha256:03a503ecff0cc2be3ad4dafd220eaff13721edb11c191670b7662932fb0a5c3a"},
    {file = "SQLAlchemy-1.4.11-cp27-cp27m-win32.whl", hash = "sha256:9cf94161cb55507cee147bf8abcfd3c076b353ad18743296764dd81108ea74f8"},
    {file = "SQLAlchemy-1.4.11-cp27-cp27m-win_amd64.whl", hash = "sha256:d08173144aebdf30c21a331b532db16535cfa83deed12e8703fa6c67c0894ffc"},
    {file = "SQLAlchemy-1.4.11-cp27-cp27mu-manylinux1_x86_64.whl", hash = "sha256:31e941d6db8b026bc63e46ef71e877913f128bd44260b90c645432626b7f9a47"},
    {file = "SQLAlchemy-1.4.11-cp36-cp36m-macosx_10_14_x86_64.whl", hash = "sha256:1e14fa32969badef9c309f55352e5c46f321bd29f7c600556caacdaa3eddfcf6"},
    {file = "SQLAlchemy-1.4.11-cp36-cp36m-manylinux1_x86_64.whl", hash = "sha256:6389b10e23329dc8b5600c1a84e3da2628d0f437d8a5cd05aefd1470ec571dd1"},
    {file = "SQLAlchemy-1.4.11-cp36-cp36m-manylinux2010_x86_64.whl", hash = "sha256:4f631edf45a943738fa77612e85fc5c5d3fb637c4f5a530f7eedd1a7cd7a70a7"},
    {file = "SQLAlchemy-1.4.11-cp36-cp36m-manylinux2014_aarch64.whl", hash = "sha256:4a7d4da2acf6d5d068fb41c48950827c49c3c68bfb46a1da45ea8fbf7ed4b471"},
    {file = "SQLAlchemy-1.4.11-cp36-cp36m-manylinux2014_x86_64.whl", hash = "sha256:f772e4428d413c0affe2a34836278fbe9df9a9c0940705860c2d3a4b50af1a66"},
    {file = "SQLAlchemy-1.4.11-cp36-cp36m-win32.whl", hash = "sha256:0140f6dac2659fa6783e7029085ab0447d8eb23cf4d831fb907588d27ba158f7"},
    {file = "SQLAlchemy-1.4.11-cp36-cp36m-win_amd64.whl", hash = "sha256:7d89add44938ea4f52c7641d5805c9e154fed4381e874ef3221483eeb191a96d"},
    {file = "SQLAlchemy-1.4.11-cp37-cp37m-macosx_10_14_x86_64.whl", hash = "sha256:452c4e002be727cb6f929dbd32bbc666a0921b86555b8af09709060ed3954bd3"},
    {file = "SQLAlchemy-1.4.11-cp37-cp37m-manylinux1_x86_64.whl", hash = "sha256:069de3a701d33709236efe0d06f38846b738b19c63d45cc47f54590982ba7802"},
    {file = "SQLAlchemy-1.4.11-cp37-cp37m-manylinux2010_x86_64.whl", hash = "sha256:bb1072fdf48ba870c0fe81bee8babe4ba2f096fb56bb4f3e0c2386a7626e405c"},
    {file = "SQLAlchemy-1.4.11-cp37-cp37m-manylinux2014_aarch64.whl", hash = "sha256:8f96d4b6a49d3f0f109365bb6303ae5d266d3f90280ca68cf8b2c46032491038"},
    {file = "SQLAlchemy-1.4.11-cp37-cp37m-manylinux2014_x86_64.whl", hash = "sha256:98214f04802a3fc740038744d8981a8f2fdca710f791ca125fc4792737d9f3a7"},
    {file = "SQLAlchemy-1.4.11-cp37-cp37m-win32.whl", hash = "sha256:9fdf0713166f33e5e6ea98cf59deb305cb323131277f6880de6c509f468076f8"},
    {file = "SQLAlchemy-1.4.11-cp37-cp37m-win_amd64.whl", hash = "sha256:6ebd58e73b7bd902688c0bb8dbabb0c36b756f02cc7b27ad5efa2f380c611f95"},
    {file = "SQLAlchemy-1.4.11-cp38-cp38-macosx_10_14_x86_64.whl", hash = "sha256:a41ab83ecfadf38a47bdfaf4e488f71579df47a711e1ab1dce30d34c7c25bd00"},
    {file = "SQLAlchemy-1.4.11-cp38-cp38-manylinux1_x86_64.whl", hash = "sha256:034b42a6a59bf4ddc57e5a38a9dbac83ccd94c0b565ba91dba4ff58149706028"},
    {file = "SQLAlchemy-1.4.11-cp38-cp38-manylinux2010_x86_64.whl", hash = "sha256:1735e06a3d5b0793d5ee2d952df8a5c63edaff6383c2210c9b5c93dc2ea4c315"},
    {file = "SQLAlchemy-1.4.11-cp38-cp38-manylinux2014_aarch64.whl", hash = "sha256:96de1d4a2e05d4a017087cb29cd6a8ebfeecfd0e9f872880b1a589f011c1c02e"},
    {file = "SQLAlchemy-1.4.11-cp38-cp38-manylinux2014_x86_64.whl", hash = "sha256:7180830ea1082b96b94884bc352b274e29b45151b6ee911bf1fd79cba2de659b"},
    {file = "SQLAlchemy-1.4.11-cp38-cp38-win32.whl", hash = "sha256:961b089e64c2ad29ad367487dd3ba1aa3eeba56bc82037ce91732baaa0f6ca90"},
    {file = "SQLAlchemy-1.4.11-cp38-cp38-win_amd64.whl", hash = "sha256:19633df6be629200ff3c026f2837e1dd17908fb1bcea860290a5a45e6fa5148e"},
    {file = "SQLAlchemy-1.4.11-cp39-cp39-macosx_10_14_x86_64.whl", hash = "sha256:789be639501445d85fd4ca41d04f0f5c6cbb6deb0c6826aaa6f22774fe84ef94"},
    {file = "SQLAlchemy-1.4.11-cp39-cp39-manylinux1_x86_64.whl", hash = "sha256:ac14fee167653ec6dee32d6aa4d501d90ae1bfbbc3eb5816940bccf227f0d617"},
    {file = "SQLAlchemy-1.4.11-cp39-cp39-manylinux2010_x86_64.whl", hash = "sha256:cd823071b97c1a6ac3af9e43b5d861126a1304033dcd18dfe354a02ec45642fe"},
    {file = "SQLAlchemy-1.4.11-cp39-cp39-manylinux2014_aarch64.whl", hash = "sha256:842b0d4698381aac047f8ae57409c90b7e63ebabf5bc02814ddc8eaefd13499e"},
    {file = "SQLAlchemy-1.4.11-cp39-cp39-manylinux2014_x86_64.whl", hash = "sha256:45a720029756800628359192630fffdc9660ab6f27f0409bd24d9e09d75d6c18"},
    {file = "SQLAlchemy-1.4.11-cp39-cp39-win32.whl", hash = "sha256:e7d76312e904aa4ea221a92c0bc2e299ad46e4580e2d72ca1f7e6d31dce5bfab"},
    {file = "SQLAlchemy-1.4.11-cp39-cp39-win_amd64.whl", hash = "sha256:4a2e7f037d3ca818d6d0490e3323fd451545f580df30d62b698da2f247015a34"},
    {file = "SQLAlchemy-1.4.11.tar.gz", hash = "sha256:4ad4044eb86fbcbdff2106e44f479fbdac703d77860b3e19988c8a8786e73061"},
]
text-unidecode = [
    {file = "text-unidecode-1.3.tar.gz", hash = "sha256:bad6603bb14d279193107714b288be206cac565dfa49aa5b105294dd5c4aab93"},
    {file = "text_unidecode-1.3-py2.py3-none-any.whl", hash = "sha256:1311f10e8b895935241623731c2ba64f4c455287888b18189350b67134a822e8"},
]
unidecode = [
    {file = "Unidecode-1.2.0-py2.py3-none-any.whl", hash = "sha256:12435ef2fc4cdfd9cf1035a1db7e98b6b047fe591892e81f34e94959591fad00"},
    {file = "Unidecode-1.2.0.tar.gz", hash = "sha256:8d73a97d387a956922344f6b74243c2c6771594659778744b2dbdaad8f6b727d"},
]
xlrd = [
    {file = "xlrd-2.0.1-py2.py3-none-any.whl", hash = "sha256:6a33ee89877bd9abc1158129f6e94be74e2679636b8a205b43b85206c3f0bbdd"},
    {file = "xlrd-2.0.1.tar.gz", hash = "sha256:f72f148f54442c6b056bf931dbc34f986fd0c3b0b6b5a58d013c9aef274d0c88"},
]
